
Microsoft Visual Studio Solution File, Format Version 12.00
# Visual Studio 15
VisualStudioVersion = 15.0.27130.2027
MinimumVisualStudioVersion = 10.0.40219.1
Project("{FAE04EC0-301F-11D3-BF4B-00C04F79EFBC}") = "AdaFruitIO.Swagger", "AdaFruitIO.Swagger\AdaFruitIO.Swagger.csproj", "{C8E709CF-7183-45DD-9254-14DC9DA82E0A}"
EndProject
Project("{FAE04EC0-301F-11D3-BF4B-00C04F79EFBC}") = "AdaFruitIO.IoTCore.FieldGateway.LoRa", "AdaFruitIO.IoTCore.FieldGateway.LoRa\AdaFruitIO.IoTCore.FieldGateway.LoRa.csproj", "{883887F9-A9DD-4490-8252-F8AF565D7DC1}"
EndProject
Project("{FAE04EC0-301F-11D3-BF4B-00C04F79EFBC}") = "Rfm9XLoRaDevice", "Rfm9XLoRaDevice\Rfm9XLoRaDevice.csproj", "{7C875578-673E-4896-8B01-8CD9F6DF0C7D}"
EndProject
Global
	GlobalSection(SolutionConfigurationPlatforms) = preSolution
		Debug|Any CPU = Debug|Any CPU
		Debug|ARM = Debug|ARM
		Debug|x64 = Debug|x64
		Debug|x86 = Debug|x86
		Release|Any CPU = Release|Any CPU
		Release|ARM = Release|ARM
		Release|x64 = Release|x64
		Release|x86 = Release|x86
	EndGlobalSection
	GlobalSection(ProjectConfigurationPlatforms) = postSolution
		{C8E709CF-7183-45DD-9254-14DC9DA82E0A}.Debug|Any CPU.ActiveCfg = Debug|ARM
		{C8E709CF-7183-45DD-9254-14DC9DA82E0A}.Debug|Any CPU.Build.0 = Debug|ARM
		{C8E709CF-7183-45DD-9254-14DC9DA82E0A}.Debug|ARM.ActiveCfg = Debug|ARM
		{C8E709CF-7183-45DD-9254-14DC9DA82E0A}.Debug|ARM.Build.0 = Debug|ARM
		{C8E709CF-7183-45DD-9254-14DC9DA82E0A}.Debug|x64.ActiveCfg = Debug|x64
		{C8E709CF-7183-45DD-9254-14DC9DA82E0A}.Debug|x64.Build.0 = Debug|x64
		{C8E709CF-7183-45DD-9254-14DC9DA82E0A}.Debug|x86.ActiveCfg = Debug|x86
		{C8E709CF-7183-45DD-9254-14DC9DA82E0A}.Debug|x86.Build.0 = Debug|x86
		{C8E709CF-7183-45DD-9254-14DC9DA82E0A}.Release|Any CPU.ActiveCfg = Release|Any CPU
		{C8E709CF-7183-45DD-9254-14DC9DA82E0A}.Release|Any CPU.Build.0 = Release|Any CPU
		{C8E709CF-7183-45DD-9254-14DC9DA82E0A}.Release|ARM.ActiveCfg = Release|ARM
		{C8E709CF-7183-45DD-9254-14DC9DA82E0A}.Release|ARM.Build.0 = Release|ARM
		{C8E709CF-7183-45DD-9254-14DC9DA82E0A}.Release|x64.ActiveCfg = Release|x64
		{C8E709CF-7183-45DD-9254-14DC9DA82E0A}.Release|x64.Build.0 = Release|x64
		{C8E709CF-7183-45DD-9254-14DC9DA82E0A}.Release|x86.ActiveCfg = Release|x86
		{C8E709CF-7183-45DD-9254-14DC9DA82E0A}.Release|x86.Build.0 = Release|x86
		{883887F9-A9DD-4490-8252-F8AF565D7DC1}.Debug|Any CPU.ActiveCfg = Debug|x86
		{883887F9-A9DD-4490-8252-F8AF565D7DC1}.Debug|ARM.ActiveCfg = Debug|ARM
		{883887F9-A9DD-4490-8252-F8AF565D7DC1}.Debug|ARM.Build.0 = Debug|ARM
		{883887F9-A9DD-4490-8252-F8AF565D7DC1}.Debug|ARM.Deploy.0 = Debug|ARM
		{883887F9-A9DD-4490-8252-F8AF565D7DC1}.Debug|x64.ActiveCfg = Debug|x64
		{883887F9-A9DD-4490-8252-F8AF565D7DC1}.Debug|x64.Build.0 = Debug|x64
		{883887F9-A9DD-4490-8252-F8AF565D7DC1}.Debug|x64.Deploy.0 = Debug|x64
		{883887F9-A9DD-4490-8252-F8AF565D7DC1}.Debug|x86.ActiveCfg = Debug|x86
		{883887F9-A9DD-4490-8252-F8AF565D7DC1}.Debug|x86.Build.0 = Debug|x86
		{883887F9-A9DD-4490-8252-F8AF565D7DC1}.Debug|x86.Deploy.0 = Debug|x86
		{883887F9-A9DD-4490-8252-F8AF565D7DC1}.Release|Any CPU.ActiveCfg = Release|x86
		{883887F9-A9DD-4490-8252-F8AF565D7DC1}.Release|ARM.ActiveCfg = Release|ARM
		{883887F9-A9DD-4490-8252-F8AF565D7DC1}.Release|ARM.Build.0 = Release|ARM
		{883887F9-A9DD-4490-8252-F8AF565D7DC1}.Release|ARM.Deploy.0 = Release|ARM
		{883887F9-A9DD-4490-8252-F8AF565D7DC1}.Release|x64.ActiveCfg = Release|x64
		{883887F9-A9DD-4490-8252-F8AF565D7DC1}.Release|x64.Build.0 = Release|x64
		{883887F9-A9DD-4490-8252-F8AF565D7DC1}.Release|x64.Deploy.0 = Release|x64
		{883887F9-A9DD-4490-8252-F8AF565D7DC1}.Release|x86.ActiveCfg = Release|x86
		{883887F9-A9DD-4490-8252-F8AF565D7DC1}.Release|x86.Build.0 = Release|x86
		{883887F9-A9DD-4490-8252-F8AF565D7DC1}.Release|x86.Deploy.0 = Release|x86
		{7C875578-673E-4896-8B01-8CD9F6DF0C7D}.Debug|Any CPU.ActiveCfg = Debug|Any CPU
		{7C875578-673E-4896-8B01-8CD9F6DF0C7D}.Debug|Any CPU.Build.0 = Debug|Any CPU
		{7C875578-673E-4896-8B01-8CD9F6DF0C7D}.Debug|ARM.ActiveCfg = Debug|ARM
		{7C875578-673E-4896-8B01-8CD9F6DF0C7D}.Debug|ARM.Build.0 = Debug|ARM
		{7C875578-673E-4896-8B01-8CD9F6DF0C7D}.Debug|x64.ActiveCfg = Debug|x64
		{7C875578-673E-4896-8B01-8CD9F6DF0C7D}.Debug|x64.Build.0 = Debug|x64
		{7C875578-673E-4896-8B01-8CD9F6DF0C7D}.Debug|x86.ActiveCfg = Debug|x86
		{7C875578-673E-4896-8B01-8CD9F6DF0C7D}.Debug|x86.Build.0 = Debug|x86
		{7C875578-673E-4896-8B01-8CD9F6DF0C7D}.Release|Any CPU.ActiveCfg = Release|Any CPU
		{7C875578-673E-4896-8B01-8CD9F6DF0C7D}.Release|Any CPU.Build.0 = Release|Any CPU
		{7C875578-673E-4896-8B01-8CD9F6DF0C7D}.Release|ARM.ActiveCfg = Release|ARM
		{7C875578-673E-4896-8B01-8CD9F6DF0C7D}.Release|ARM.Build.0 = Release|ARM
		{7C875578-673E-4896-8B01-8CD9F6DF0C7D}.Release|x64.ActiveCfg = Release|x64
		{7C875578-673E-4896-8B01-8CD9F6DF0C7D}.Release|x64.Build.0 = Release|x64
		{7C875578-673E-4896-8B01-8CD9F6DF0C7D}.Release|x86.ActiveCfg = Release|x86
		{7C875578-673E-4896-8B01-8CD9F6DF0C7D}.Release|x86.Build.0 = Release|x86
	EndGlobalSection
	GlobalSection(SolutionProperties) = preSolution
		HideSolutionNode = FALSE
	EndGlobalSection
	GlobalSection(ExtensibilityGlobals) = postSolution
		SolutionGuid = {03611589-DCB8-45C7-B12D-57ED1130A866}
	EndGlobalSection
EndGlobal
